
Microsoft Visual Studio Solution File, Format Version 12.00
# Visual Studio Version 17
VisualStudioVersion = 17.1.32407.343
MinimumVisualStudioVersion = 10.0.40219.1
Project("{9A19103F-16F7-4668-BE54-9A1E7A4F7556}") = "Avatarize", "src\Avatarize.csproj", "{D1D9C2F9-7EB5-4D8C-B6BE-590E4475B671}"
EndProject
Project("{9A19103F-16F7-4668-BE54-9A1E7A4F7556}") = "UnitTests", "tests\UnitTests\UnitTests.csproj", "{6413FEAC-97AE-4B86-BF4D-6A3C2F7F41BB}"
EndProject
Project("{FAE04EC0-301F-11D3-BF4B-00C04F79EFBC}") = "IntegrationTests", "tests\IntegrationTests\IntegrationTests.csproj", "{89606B81-2682-49FB-A4C9-F6125BD12A38}"
	ProjectSection(ProjectDependencies) = postProject
		{D1D9C2F9-7EB5-4D8C-B6BE-590E4475B671} = {D1D9C2F9-7EB5-4D8C-B6BE-590E4475B671}
	EndProjectSection
EndProject
Global
	GlobalSection(SolutionConfigurationPlatforms) = preSolution
		Debug|Any CPU = Debug|Any CPU
		Release|Any CPU = Release|Any CPU
	EndGlobalSection
	GlobalSection(ProjectConfigurationPlatforms) = postSolution
		{D1D9C2F9-7EB5-4D8C-B6BE-590E4475B671}.Debug|Any CPU.ActiveCfg = Debug|Any CPU
		{D1D9C2F9-7EB5-4D8C-B6BE-590E4475B671}.Debug|Any CPU.Build.0 = Debug|Any CPU
		{D1D9C2F9-7EB5-4D8C-B6BE-590E4475B671}.Release|Any CPU.ActiveCfg = Release|Any CPU
		{D1D9C2F9-7EB5-4D8C-B6BE-590E4475B671}.Release|Any CPU.Build.0 = Release|Any CPU
		{6413FEAC-97AE-4B86-BF4D-6A3C2F7F41BB}.Debug|Any CPU.ActiveCfg = Debug|Any CPU
		{6413FEAC-97AE-4B86-BF4D-6A3C2F7F41BB}.Debug|Any CPU.Build.0 = Debug|Any CPU
		{6413FEAC-97AE-4B86-BF4D-6A3C2F7F41BB}.Release|Any CPU.ActiveCfg = Release|Any CPU
		{6413FEAC-97AE-4B86-BF4D-6A3C2F7F41BB}.Release|Any CPU.Build.0 = Release|Any CPU
		{89606B81-2682-49FB-A4C9-F6125BD12A38}.Debug|Any CPU.ActiveCfg = Debug|Any CPU
		{89606B81-2682-49FB-A4C9-F6125BD12A38}.Debug|Any CPU.Build.0 = Debug|Any CPU
		{89606B81-2682-49FB-A4C9-F6125BD12A38}.Release|Any CPU.ActiveCfg = Release|Any CPU
		{89606B81-2682-49FB-A4C9-F6125BD12A38}.Release|Any CPU.Build.0 = Release|Any CPU
	EndGlobalSection
	GlobalSection(SolutionProperties) = preSolution
		HideSolutionNode = FALSE
	EndGlobalSection
	GlobalSection(ExtensibilityGlobals) = postSolution
		SolutionGuid = {6141B475-FFB1-4252-AE45-970973879474}
	EndGlobalSection
EndGlobal
